
Microsoft Visual Studio Solution File, Format Version 12.00
# Visual Studio Version 17
VisualStudioVersion = 17.4.33122.133
MinimumVisualStudioVersion = 10.0.40219.1
Project("{FAE04EC0-301F-11D3-BF4B-00C04F79EFBC}") = "VendingMachine", "VendingMachine\VendingMachine.csproj", "{7BED4FCE-F5DE-4B72-A880-C0001C492127}"
EndProject
Global
	GlobalSection(SolutionConfigurationPlatforms) = preSolution
		Debug|Any CPU = Debug|Any CPU
		Release|Any CPU = Release|Any CPU
	EndGlobalSection
	GlobalSection(ProjectConfigurationPlatforms) = postSolution
		{7BED4FCE-F5DE-4B72-A880-C0001C492127}.Debug|Any CPU.ActiveCfg = Debug|Any CPU
		{7BED4FCE-F5DE-4B72-A880-C0001C492127}.Debug|Any CPU.Build.0 = Debug|Any CPU
		{7BED4FCE-F5DE-4B72-A880-C0001C492127}.Release|Any CPU.ActiveCfg = Release|Any CPU
		{7BED4FCE-F5DE-4B72-A880-C0001C492127}.Release|Any CPU.Build.0 = Release|Any CPU
	EndGlobalSection
	GlobalSection(SolutionProperties) = preSolution
		HideSolutionNode = FALSE
	EndGlobalSection
	GlobalSection(ExtensibilityGlobals) = postSolution
		SolutionGuid = {196A720F-6228-495E-A678-7F505F7639B1}
	EndGlobalSection
EndGlobal
